{"filter":false,"title":"package-lock.json","tooltip":"/.c9/backend/package-lock.json","ace":{"folds":[],"scrolltop":720,"scrollleft":0,"selection":{"start":{"row":0,"column":0},"end":{"row":0,"column":0},"isBackwards":false},"options":{"guessTabSize":true,"useWrapMode":false,"wrapToView":true},"firstLineState":0},"hash":"b41f2990089434159520700fda4555ed2c5c9853","undoManager":{"mark":-1,"position":-1,"stack":[]},"timestamp":1609610825599}