{"filter":false,"title":"package-lock.json","tooltip":"/.c9/frontend/sombrero/package-lock.json","undoManager":{"mark":-1,"position":-1,"stack":[]},"ace":{"folds":[],"scrolltop":825,"scrollleft":0,"selection":{"start":{"row":0,"column":0},"end":{"row":0,"column":0},"isBackwards":false},"options":{"guessTabSize":true,"useWrapMode":false,"wrapToView":true},"firstLineState":{"row":9,"state":"start","mode":"ace/mode/json"}},"timestamp":1607034974379,"hash":"92996a191920bd25bcb4e1447ef13a2ace6df408"}